// !$*UTF8*$!
{
	archiveVersion = 1;
	classes = {
	};
	objectVersion = 55;
	objects = {

/* Begin PBXBuildFile section */
		E204091A2815E4CC00226F11 /* HideKeyboardExtention.swift in Sources */ = {isa = PBXBuildFile; fileRef = E20409192815E4CC00226F11 /* HideKeyboardExtention.swift */; };
		E204091D2815E8E800226F11 /* BackgroundImageView.swift in Sources */ = {isa = PBXBuildFile; fileRef = E204091C2815E8E800226F11 /* BackgroundImageView.swift */; };
		E20409212815EAC900226F11 /* NewTaskItemView.swift in Sources */ = {isa = PBXBuildFile; fileRef = E20409202815EAC900226F11 /* NewTaskItemView.swift */; };
		E20409242815F05E00226F11 /* BlankView.swift in Sources */ = {isa = PBXBuildFile; fileRef = E20409232815F05E00226F11 /* BlankView.swift */; };
		E20409272815FB3D00226F11 /* ListRowItemView.swift in Sources */ = {isa = PBXBuildFile; fileRef = E20409262815FB3D00226F11 /* ListRowItemView.swift */; };
		E2348A812815AFA7007785C2 /* DevoteApp.swift in Sources */ = {isa = PBXBuildFile; fileRef = E2348A802815AFA7007785C2 /* DevoteApp.swift */; };
		E2348A832815AFA7007785C2 /* ContentView.swift in Sources */ = {isa = PBXBuildFile; fileRef = E2348A822815AFA7007785C2 /* ContentView.swift */; };
		E2348A852815AFA9007785C2 /* Assets.xcassets in Resources */ = {isa = PBXBuildFile; fileRef = E2348A842815AFA9007785C2 /* Assets.xcassets */; };
		E2348A882815AFA9007785C2 /* Preview Assets.xcassets in Resources */ = {isa = PBXBuildFile; fileRef = E2348A872815AFA9007785C2 /* Preview Assets.xcassets */; };
		E2348A8A2815AFA9007785C2 /* Persistence.swift in Sources */ = {isa = PBXBuildFile; fileRef = E2348A892815AFA9007785C2 /* Persistence.swift */; };
		E2348A8D2815AFA9007785C2 /* Devote.xcdatamodeld in Sources */ = {isa = PBXBuildFile; fileRef = E2348A8B2815AFA9007785C2 /* Devote.xcdatamodeld */; };
		E2FD6EB72815D1D80066159D /* sound-ding.mp3 in Resources */ = {isa = PBXBuildFile; fileRef = E2FD6EB42815D1D80066159D /* sound-ding.mp3 */; };
		E2FD6EB82815D1D80066159D /* sound-rise.mp3 in Resources */ = {isa = PBXBuildFile; fileRef = E2FD6EB52815D1D80066159D /* sound-rise.mp3 */; };
		E2FD6EB92815D1D80066159D /* sound-tap.mp3 in Resources */ = {isa = PBXBuildFile; fileRef = E2FD6EB62815D1D80066159D /* sound-tap.mp3 */; };
		E2FD6EC02815DA0B0066159D /* Constants.swift in Sources */ = {isa = PBXBuildFile; fileRef = E2FD6EBF2815DA0B0066159D /* Constants.swift */; };
/* End PBXBuildFile section */

/* Begin PBXFileReference section */
		E20409192815E4CC00226F11 /* HideKeyboardExtention.swift */ = {isa = PBXFileReference; lastKnownFileType = sourcecode.swift; path = HideKeyboardExtention.swift; sourceTree = "<group>"; };
		E204091C2815E8E800226F11 /* BackgroundImageView.swift */ = {isa = PBXFileReference; lastKnownFileType = sourcecode.swift; path = BackgroundImageView.swift; sourceTree = "<group>"; };
		E20409202815EAC900226F11 /* NewTaskItemView.swift */ = {isa = PBXFileReference; lastKnownFileType = sourcecode.swift; path = NewTaskItemView.swift; sourceTree = "<group>"; };
		E20409232815F05E00226F11 /* BlankView.swift */ = {isa = PBXFileReference; lastKnownFileType = sourcecode.swift; path = BlankView.swift; sourceTree = "<group>"; };
		E20409262815FB3D00226F11 /* ListRowItemView.swift */ = {isa = PBXFileReference; lastKnownFileType = sourcecode.swift; path = ListRowItemView.swift; sourceTree = "<group>"; };
		E2348A7D2815AFA7007785C2 /* Devote.app */ = {isa = PBXFileReference; explicitFileType = wrapper.application; includeInIndex = 0; path = Devote.app; sourceTree = BUILT_PRODUCTS_DIR; };
		E2348A802815AFA7007785C2 /* DevoteApp.swift */ = {isa = PBXFileReference; lastKnownFileType = sourcecode.swift; path = DevoteApp.swift; sourceTree = "<group>"; };
		E2348A822815AFA7007785C2 /* ContentView.swift */ = {isa = PBXFileReference; lastKnownFileType = sourcecode.swift; path = ContentView.swift; sourceTree = "<group>"; };
		E2348A842815AFA9007785C2 /* Assets.xcassets */ = {isa = PBXFileReference; lastKnownFileType = folder.assetcatalog; path = Assets.xcassets; sourceTree = "<group>"; };
		E2348A872815AFA9007785C2 /* Preview Assets.xcassets */ = {isa = PBXFileReference; lastKnownFileType = folder.assetcatalog; path = "Preview Assets.xcassets"; sourceTree = "<group>"; };
		E2348A892815AFA9007785C2 /* Persistence.swift */ = {isa = PBXFileReference; lastKnownFileType = sourcecode.swift; path = Persistence.swift; sourceTree = "<group>"; };
		E2348A8C2815AFA9007785C2 /* Devote.xcdatamodel */ = {isa = PBXFileReference; lastKnownFileType = wrapper.xcdatamodel; path = Devote.xcdatamodel; sourceTree = "<group>"; };
		E2FD6EB42815D1D80066159D /* sound-ding.mp3 */ = {isa = PBXFileReference; lastKnownFileType = audio.mp3; path = "sound-ding.mp3"; sourceTree = "<group>"; };
		E2FD6EB52815D1D80066159D /* sound-rise.mp3 */ = {isa = PBXFileReference; lastKnownFileType = audio.mp3; path = "sound-rise.mp3"; sourceTree = "<group>"; };
		E2FD6EB62815D1D80066159D /* sound-tap.mp3 */ = {isa = PBXFileReference; lastKnownFileType = audio.mp3; path = "sound-tap.mp3"; sourceTree = "<group>"; };
		E2FD6EBD2815D2DC0066159D /* Info.plist */ = {isa = PBXFileReference; lastKnownFileType = text.plist; path = Info.plist; sourceTree = "<group>"; };
		E2FD6EBF2815DA0B0066159D /* Constants.swift */ = {isa = PBXFileReference; lastKnownFileType = sourcecode.swift; path = Constants.swift; sourceTree = "<group>"; };
/* End PBXFileReference section */

/* Begin PBXFrameworksBuildPhase section */
		E2348A7A2815AFA7007785C2 /* Frameworks */ = {
			isa = PBXFrameworksBuildPhase;
			buildActionMask = 2147483647;
			files = (
			);
			runOnlyForDeploymentPostprocessing = 0;
		};
/* End PBXFrameworksBuildPhase section */

/* Begin PBXGroup section */
		E20409182815E4B400226F11 /* HideKeyboardExtention */ = {
			isa = PBXGroup;
			children = (
				E20409192815E4CC00226F11 /* HideKeyboardExtention.swift */,
			);
			path = HideKeyboardExtention;
			sourceTree = "<group>";
		};
		E204091B2815E8D800226F11 /* BackgroundImageView */ = {
			isa = PBXGroup;
			children = (
				E204091C2815E8E800226F11 /* BackgroundImageView.swift */,
			);
			path = BackgroundImageView;
			sourceTree = "<group>";
		};
		E204091E2815EAB300226F11 /* ContentView */ = {
			isa = PBXGroup;
			children = (
				E2348A822815AFA7007785C2 /* ContentView.swift */,
			);
			path = ContentView;
			sourceTree = "<group>";
		};
		E204091F2815EABD00226F11 /* NewTaskItemView */ = {
			isa = PBXGroup;
			children = (
				E20409202815EAC900226F11 /* NewTaskItemView.swift */,
			);
			path = NewTaskItemView;
			sourceTree = "<group>";
		};
		E20409222815F03E00226F11 /* BlankView */ = {
			isa = PBXGroup;
			children = (
				E20409232815F05E00226F11 /* BlankView.swift */,
			);
			path = BlankView;
			sourceTree = "<group>";
		};
		E20409252815FB2200226F11 /* ListRowItemView */ = {
			isa = PBXGroup;
			children = (
				E20409262815FB3D00226F11 /* ListRowItemView.swift */,
			);
			path = ListRowItemView;
			sourceTree = "<group>";
		};
		E2348A742815AFA7007785C2 = {
			isa = PBXGroup;
			children = (
				E2348A7F2815AFA7007785C2 /* Devote */,
				E2348A7E2815AFA7007785C2 /* Products */,
			);
			sourceTree = "<group>";
		};
		E2348A7E2815AFA7007785C2 /* Products */ = {
			isa = PBXGroup;
			children = (
				E2348A7D2815AFA7007785C2 /* Devote.app */,
			);
			name = Products;
			sourceTree = "<group>";
		};
		E2348A7F2815AFA7007785C2 /* Devote */ = {
			isa = PBXGroup;
			children = (
				E2348A802815AFA7007785C2 /* DevoteApp.swift */,
				E2FD6EB02815D1AE0066159D /* Utility */,
				E2FD6EBA2815D2230066159D /* View */,
				E2FD6EBC2815D2480066159D /* Model */,
				E2348A842815AFA9007785C2 /* Assets.xcassets */,
				E2FD6EBD2815D2DC0066159D /* Info.plist */,
				E2348A862815AFA9007785C2 /* Preview Content */,
			);
			path = Devote;
			sourceTree = "<group>";
		};
		E2348A862815AFA9007785C2 /* Preview Content */ = {
			isa = PBXGroup;
			children = (
				E2348A872815AFA9007785C2 /* Preview Assets.xcassets */,
			);
			path = "Preview Content";
			sourceTree = "<group>";
		};
		E2FD6EB02815D1AE0066159D /* Utility */ = {
			isa = PBXGroup;
			children = (
				E2FD6EBE2815D9FE0066159D /* Constants */,
				E2FD6EBB2815D2320066159D /* Extentions */,
				E2FD6EB32815D1CD0066159D /* Sounds */,
			);
			path = Utility;
			sourceTree = "<group>";
		};
		E2FD6EB32815D1CD0066159D /* Sounds */ = {
			isa = PBXGroup;
			children = (
				E2FD6EB42815D1D80066159D /* sound-ding.mp3 */,
				E2FD6EB52815D1D80066159D /* sound-rise.mp3 */,
				E2FD6EB62815D1D80066159D /* sound-tap.mp3 */,
			);
			path = Sounds;
			sourceTree = "<group>";
		};
		E2FD6EBA2815D2230066159D /* View */ = {
			isa = PBXGroup;
			children = (
				E20409252815FB2200226F11 /* ListRowItemView */,
				E20409222815F03E00226F11 /* BlankView */,
				E204091F2815EABD00226F11 /* NewTaskItemView */,
				E204091E2815EAB300226F11 /* ContentView */,
				E204091B2815E8D800226F11 /* BackgroundImageView */,
			);
			path = View;
			sourceTree = "<group>";
		};
		E2FD6EBB2815D2320066159D /* Extentions */ = {
			isa = PBXGroup;
			children = (
				E20409182815E4B400226F11 /* HideKeyboardExtention */,
			);
			path = Extentions;
			sourceTree = "<group>";
		};
		E2FD6EBC2815D2480066159D /* Model */ = {
			isa = PBXGroup;
			children = (
				E2348A892815AFA9007785C2 /* Persistence.swift */,
				E2348A8B2815AFA9007785C2 /* Devote.xcdatamodeld */,
			);
			path = Model;
			sourceTree = "<group>";
		};
		E2FD6EBE2815D9FE0066159D /* Constants */ = {
			isa = PBXGroup;
			children = (
				E2FD6EBF2815DA0B0066159D /* Constants.swift */,
			);
			path = Constants;
			sourceTree = "<group>";
		};
/* End PBXGroup section */

/* Begin PBXNativeTarget section */
		E2348A7C2815AFA7007785C2 /* Devote */ = {
			isa = PBXNativeTarget;
			buildConfigurationList = E2348A902815AFA9007785C2 /* Build configuration list for PBXNativeTarget "Devote" */;
			buildPhases = (
				E2348A792815AFA7007785C2 /* Sources */,
				E2348A7A2815AFA7007785C2 /* Frameworks */,
				E2348A7B2815AFA7007785C2 /* Resources */,
			);
			buildRules = (
			);
			dependencies = (
			);
			name = Devote;
			productName = Devote;
			productReference = E2348A7D2815AFA7007785C2 /* Devote.app */;
			productType = "com.apple.product-type.application";
		};
/* End PBXNativeTarget section */

/* Begin PBXProject section */
		E2348A752815AFA7007785C2 /* Project object */ = {
			isa = PBXProject;
			attributes = {
				BuildIndependentTargetsInParallel = 1;
				LastSwiftUpdateCheck = 1310;
				LastUpgradeCheck = 1310;
				TargetAttributes = {
					E2348A7C2815AFA7007785C2 = {
						CreatedOnToolsVersion = 13.1;
					};
				};
			};
			buildConfigurationList = E2348A782815AFA7007785C2 /* Build configuration list for PBXProject "Devote" */;
			compatibilityVersion = "Xcode 13.0";
			developmentRegion = en;
			hasScannedForEncodings = 0;
			knownRegions = (
				en,
				Base,
			);
			mainGroup = E2348A742815AFA7007785C2;
			productRefGroup = E2348A7E2815AFA7007785C2 /* Products */;
			projectDirPath = "";
			projectRoot = "";
			targets = (
				E2348A7C2815AFA7007785C2 /* Devote */,
			);
		};
/* End PBXProject section */

/* Begin PBXResourcesBuildPhase section */
		E2348A7B2815AFA7007785C2 /* Resources */ = {
			isa = PBXResourcesBuildPhase;
			buildActionMask = 2147483647;
			files = (
				E2348A882815AFA9007785C2 /* Preview Assets.xcassets in Resources */,
				E2FD6EB82815D1D80066159D /* sound-rise.mp3 in Resources */,
				E2348A852815AFA9007785C2 /* Assets.xcassets in Resources */,
				E2FD6EB92815D1D80066159D /* sound-tap.mp3 in Resources */,
				E2FD6EB72815D1D80066159D /* sound-ding.mp3 in Resources */,
			);
			runOnlyForDeploymentPostprocessing = 0;
		};
/* End PBXResourcesBuildPhase section */

/* Begin PBXSourcesBuildPhase section */
		E2348A792815AFA7007785C2 /* Sources */ = {
			isa = PBXSourcesBuildPhase;
			buildActionMask = 2147483647;
			files = (
				E2FD6EC02815DA0B0066159D /* Constants.swift in Sources */,
				E204091D2815E8E800226F11 /* BackgroundImageView.swift in Sources */,
				E2348A8A2815AFA9007785C2 /* Persistence.swift in Sources */,
				E2348A832815AFA7007785C2 /* ContentView.swift in Sources */,
				E20409242815F05E00226F11 /* BlankView.swift in Sources */,
				E204091A2815E4CC00226F11 /* HideKeyboardExtention.swift in Sources */,
				E20409272815FB3D00226F11 /* ListRowItemView.swift in Sources */,
				E2348A8D2815AFA9007785C2 /* Devote.xcdatamodeld in Sources */,
				E2348A812815AFA7007785C2 /* DevoteApp.swift in Sources */,
				E20409212815EAC900226F11 /* NewTaskItemView.swift in Sources */,
			);
			runOnlyForDeploymentPostprocessing = 0;
		};
/* End PBXSourcesBuildPhase section */

/* Begin XCBuildConfiguration section */
		E2348A8E2815AFA9007785C2 /* Debug */ = {
			isa = XCBuildConfiguration;
			buildSettings = {
				ALWAYS_SEARCH_USER_PATHS = NO;
				CLANG_ANALYZER_NONNULL = YES;
				CLANG_ANALYZER_NUMBER_OBJECT_CONVERSION = YES_AGGRESSIVE;
				CLANG_CXX_LANGUAGE_STANDARD = "gnu++17";
				CLANG_CXX_LIBRARY = "libc++";
				CLANG_ENABLE_MODULES = YES;
				CLANG_ENABLE_OBJC_ARC = YES;
				CLANG_ENABLE_OBJC_WEAK = YES;
				CLANG_WARN_BLOCK_CAPTURE_AUTORELEASING = YES;
				CLANG_WARN_BOOL_CONVERSION = YES;
				CLANG_WARN_COMMA = YES;
				CLANG_WARN_CONSTANT_CONVERSION = YES;
				CLANG_WARN_DEPRECATED_OBJC_IMPLEMENTATIONS = YES;
				CLANG_WARN_DIRECT_OBJC_ISA_USAGE = YES_ERROR;
				CLANG_WARN_DOCUMENTATION_COMMENTS = YES;
				CLANG_WARN_EMPTY_BODY = YES;
				CLANG_WARN_ENUM_CONVERSION = YES;
				CLANG_WARN_INFINITE_RECURSION = YES;
				CLANG_WARN_INT_CONVERSION = YES;
				CLANG_WARN_NON_LITERAL_NULL_CONVERSION = YES;
				CLANG_WARN_OBJC_IMPLICIT_RETAIN_SELF = YES;
				CLANG_WARN_OBJC_LITERAL_CONVERSION = YES;
				CLANG_WARN_OBJC_ROOT_CLASS = YES_ERROR;
				CLANG_WARN_QUOTED_INCLUDE_IN_FRAMEWORK_HEADER = YES;
				CLANG_WARN_RANGE_LOOP_ANALYSIS = YES;
				CLANG_WARN_STRICT_PROTOTYPES = YES;
				CLANG_WARN_SUSPICIOUS_MOVE = YES;
				CLANG_WARN_UNGUARDED_AVAILABILITY = YES_AGGRESSIVE;
				CLANG_WARN_UNREACHABLE_CODE = YES;
				CLANG_WARN__DUPLICATE_METHOD_MATCH = YES;
				COPY_PHASE_STRIP = NO;
				DEBUG_INFORMATION_FORMAT = dwarf;
				ENABLE_STRICT_OBJC_MSGSEND = YES;
				ENABLE_TESTABILITY = YES;
				GCC_C_LANGUAGE_STANDARD = gnu11;
				GCC_DYNAMIC_NO_PIC = NO;
				GCC_NO_COMMON_BLOCKS = YES;
				GCC_OPTIMIZATION_LEVEL = 0;
				GCC_PREPROCESSOR_DEFINITIONS = (
					"DEBUG=1",
					"$(inherited)",
				);
				GCC_WARN_64_TO_32_BIT_CONVERSION = YES;
				GCC_WARN_ABOUT_RETURN_TYPE = YES_ERROR;
				GCC_WARN_UNDECLARED_SELECTOR = YES;
				GCC_WARN_UNINITIALIZED_AUTOS = YES_AGGRESSIVE;
				GCC_WARN_UNUSED_FUNCTION = YES;
				GCC_WARN_UNUSED_VARIABLE = YES;
				IPHONEOS_DEPLOYMENT_TARGET = 15.0;
				MTL_ENABLE_DEBUG_INFO = INCLUDE_SOURCE;
				MTL_FAST_MATH = YES;
				ONLY_ACTIVE_ARCH = YES;
				SDKROOT = iphoneos;
				SWIFT_ACTIVE_COMPILATION_CONDITIONS = DEBUG;
				SWIFT_OPTIMIZATION_LEVEL = "-Onone";
			};
			name = Debug;
		};
		E2348A8F2815AFA9007785C2 /* Release */ = {
			isa = XCBuildConfiguration;
			buildSettings = {
				ALWAYS_SEARCH_USER_PATHS = NO;
				CLANG_ANALYZER_NONNULL = YES;
				CLANG_ANALYZER_NUMBER_OBJECT_CONVERSION = YES_AGGRESSIVE;
				CLANG_CXX_LANGUAGE_STANDARD = "gnu++17";
				CLANG_CXX_LIBRARY = "libc++";
				CLANG_ENABLE_MODULES = YES;
				CLANG_ENABLE_OBJC_ARC = YES;
				CLANG_ENABLE_OBJC_WEAK = YES;
				CLANG_WARN_BLOCK_CAPTURE_AUTORELEASING = YES;
				CLANG_WARN_BOOL_CONVERSION = YES;
				CLANG_WARN_COMMA = YES;
				CLANG_WARN_CONSTANT_CONVERSION = YES;
				CLANG_WARN_DEPRECATED_OBJC_IMPLEMENTATIONS = YES;
				CLANG_WARN_DIRECT_OBJC_ISA_USAGE = YES_ERROR;
				CLANG_WARN_DOCUMENTATION_COMMENTS = YES;
				CLANG_WARN_EMPTY_BODY = YES;
				CLANG_WARN_ENUM_CONVERSION = YES;
				CLANG_WARN_INFINITE_RECURSION = YES;
				CLANG_WARN_INT_CONVERSION = YES;
				CLANG_WARN_NON_LITERAL_NULL_CONVERSION = YES;
				CLANG_WARN_OBJC_IMPLICIT_RETAIN_SELF = YES;
				CLANG_WARN_OBJC_LITERAL_CONVERSION = YES;
				CLANG_WARN_OBJC_ROOT_CLASS = YES_ERROR;
				CLANG_WARN_QUOTED_INCLUDE_IN_FRAMEWORK_HEADER = YES;
				CLANG_WARN_RANGE_LOOP_ANALYSIS = YES;
				CLANG_WARN_STRICT_PROTOTYPES = YES;
				CLANG_WARN_SUSPICIOUS_MOVE = YES;
				CLANG_WARN_UNGUARDED_AVAILABILITY = YES_AGGRESSIVE;
				CLANG_WARN_UNREACHABLE_CODE = YES;
				CLANG_WARN__DUPLICATE_METHOD_MATCH = YES;
				COPY_PHASE_STRIP = NO;
				DEBUG_INFORMATION_FORMAT = "dwarf-with-dsym";
				ENABLE_NS_ASSERTIONS = NO;
				ENABLE_STRICT_OBJC_MSGSEND = YES;
				GCC_C_LANGUAGE_STANDARD = gnu11;
				GCC_NO_COMMON_BLOCKS = YES;
				GCC_WARN_64_TO_32_BIT_CONVERSION = YES;
				GCC_WARN_ABOUT_RETURN_TYPE = YES_ERROR;
				GCC_WARN_UNDECLARED_SELECTOR = YES;
				GCC_WARN_UNINITIALIZED_AUTOS = YES_AGGRESSIVE;
				GCC_WARN_UNUSED_FUNCTION = YES;
				GCC_WARN_UNUSED_VARIABLE = YES;
				IPHONEOS_DEPLOYMENT_TARGET = 15.0;
				MTL_ENABLE_DEBUG_INFO = NO;
				MTL_FAST_MATH = YES;
				SDKROOT = iphoneos;
				SWIFT_COMPILATION_MODE = wholemodule;
				SWIFT_OPTIMIZATION_LEVEL = "-O";
				VALIDATE_PRODUCT = YES;
			};
			name = Release;
		};
		E2348A912815AFA9007785C2 /* Debug */ = {
			isa = XCBuildConfiguration;
			buildSettings = {
				ASSETCATALOG_COMPILER_APPICON_NAME = AppIcon;
				ASSETCATALOG_COMPILER_GLOBAL_ACCENT_COLOR_NAME = AccentColor;
				CODE_SIGN_STYLE = Automatic;
				CURRENT_PROJECT_VERSION = 1;
				DEVELOPMENT_ASSET_PATHS = "\"Devote/Preview Content\"";
				DEVELOPMENT_TEAM = 6S3KTUZY8F;
				ENABLE_PREVIEWS = YES;
				GENERATE_INFOPLIST_FILE = YES;
				INFOPLIST_FILE = Devote/Info.plist;
				INFOPLIST_KEY_UIApplicationSceneManifest_Generation = YES;
				INFOPLIST_KEY_UIApplicationSupportsIndirectInputEvents = YES;
				INFOPLIST_KEY_UISupportedInterfaceOrientations = UIInterfaceOrientationPortrait;
				INFOPLIST_KEY_UISupportedInterfaceOrientations_iPad = "UIInterfaceOrientationPortrait UIInterfaceOrientationPortraitUpsideDown UIInterfaceOrientationLandscapeLeft UIInterfaceOrientationLandscapeRight";
				INFOPLIST_KEY_UISupportedInterfaceOrientations_iPhone = "UIInterfaceOrientationPortrait UIInterfaceOrientationLandscapeLeft UIInterfaceOrientationLandscapeRight";
				LD_RUNPATH_SEARCH_PATHS = (
					"$(inherited)",
					"@executable_path/Frameworks",
				);
				MARKETING_VERSION = 1.0;
				PRODUCT_BUNDLE_IDENTIFIER = com.Private.Devote;
				PRODUCT_NAME = "$(TARGET_NAME)";
				SWIFT_EMIT_LOC_STRINGS = YES;
				SWIFT_VERSION = 5.0;
				TARGETED_DEVICE_FAMILY = "1,2";
			};
			name = Debug;
		};
		E2348A922815AFA9007785C2 /* Release */ = {
			isa = XCBuildConfiguration;
			buildSettings = {
				ASSETCATALOG_COMPILER_APPICON_NAME = AppIcon;
				ASSETCATALOG_COMPILER_GLOBAL_ACCENT_COLOR_NAME = AccentColor;
				CODE_SIGN_STYLE = Automatic;
				CURRENT_PROJECT_VERSION = 1;
				DEVELOPMENT_ASSET_PATHS = "\"Devote/Preview Content\"";
				DEVELOPMENT_TEAM = 6S3KTUZY8F;
				ENABLE_PREVIEWS = YES;
				GENERATE_INFOPLIST_FILE = YES;
				INFOPLIST_FILE = Devote/Info.plist;
				INFOPLIST_KEY_UIApplicationSceneManifest_Generation = YES;
				INFOPLIST_KEY_UIApplicationSupportsIndirectInputEvents = YES;
				INFOPLIST_KEY_UISupportedInterfaceOrientations = UIInterfaceOrientationPortrait;
				INFOPLIST_KEY_UISupportedInterfaceOrientations_iPad = "UIInterfaceOrientationPortrait UIInterfaceOrientationPortraitUpsideDown UIInterfaceOrientationLandscapeLeft UIInterfaceOrientationLandscapeRight";
				INFOPLIST_KEY_UISupportedInterfaceOrientations_iPhone = "UIInterfaceOrientationPortrait UIInterfaceOrientationLandscapeLeft UIInterfaceOrientationLandscapeRight";
				LD_RUNPATH_SEARCH_PATHS = (
					"$(inherited)",
					"@executable_path/Frameworks",
				);
				MARKETING_VERSION = 1.0;
				PRODUCT_BUNDLE_IDENTIFIER = com.Private.Devote;
				PRODUCT_NAME = "$(TARGET_NAME)";
				SWIFT_EMIT_LOC_STRINGS = YES;
				SWIFT_VERSION = 5.0;
				TARGETED_DEVICE_FAMILY = "1,2";
			};
			name = Release;
		};
/* End XCBuildConfiguration section */

/* Begin XCConfigurationList section */
		E2348A782815AFA7007785C2 /* Build configuration list for PBXProject "Devote" */ = {
			isa = XCConfigurationList;
			buildConfigurations = (
				E2348A8E2815AFA9007785C2 /* Debug */,
				E2348A8F2815AFA9007785C2 /* Release */,
			);
			defaultConfigurationIsVisible = 0;
			defaultConfigurationName = Release;
		};
		E2348A902815AFA9007785C2 /* Build configuration list for PBXNativeTarget "Devote" */ = {
			isa = XCConfigurationList;
			buildConfigurations = (
				E2348A912815AFA9007785C2 /* Debug */,
				E2348A922815AFA9007785C2 /* Release */,
			);
			defaultConfigurationIsVisible = 0;
			defaultConfigurationName = Release;
		};
/* End XCConfigurationList section */

/* Begin XCVersionGroup section */
		E2348A8B2815AFA9007785C2 /* Devote.xcdatamodeld */ = {
			isa = XCVersionGroup;
			children = (
				E2348A8C2815AFA9007785C2 /* Devote.xcdatamodel */,
			);
			currentVersion = E2348A8C2815AFA9007785C2 /* Devote.xcdatamodel */;
			path = Devote.xcdatamodeld;
			sourceTree = "<group>";
			versionGroupType = wrapper.xcdatamodel;
		};
/* End XCVersionGroup section */
	};
	rootObject = E2348A752815AFA7007785C2 /* Project object */;
}
